<?xml version="1.0" encoding="utf-8"?>
<Project ToolsVersion="4.0" xmlns="http://schemas.microsoft.com/developer/msbuild/2003">
  <ItemGroup>
    <Filter Include="Header File">
      <UniqueIdentifier>{b4b05ecc-3661-4a1a-ab97-42e9a671c532}</UniqueIdentifier>
    </Filter>
    <Filter Include="Source File">
      <UniqueIdentifier>{3b157ef9-6f42-4571-875b-391ec82887cb}</UniqueIdentifier>
    </Filter>
  </ItemGroup>
  <ItemGroup>
    <ClCompile Include="Tutorial15.cpp">
      <Filter>Source File</Filter>
    </ClCompile>
  </ItemGroup>
</Project>