<?xml version="1.0" encoding="utf-8"?>
<Project ToolsVersion="4.0" xmlns="http://schemas.microsoft.com/developer/msbuild/2003">
  <ItemGroup>
    <Filter Include="Header File">
      <UniqueIdentifier>{6d01c4a5-73ea-4554-a730-86e5e81577f0}</UniqueIdentifier>
    </Filter>
    <Filter Include="Source File">
      <UniqueIdentifier>{f6e5704b-3e3e-4c65-b3aa-ce831b7830c1}</UniqueIdentifier>
    </Filter>
  </ItemGroup>
  <ItemGroup>
    <ClCompile Include="tutorial5.cpp">
      <Filter>Source File</Filter>
    </ClCompile>
    <ClCompile Include="Renderer.cpp">
      <Filter>Source File</Filter>
    </ClCompile>
  </ItemGroup>
  <ItemGroup>
    <ClInclude Include="Renderer.h">
      <Filter>Header File</Filter>
    </ClInclude>
  </ItemGroup>
</Project>