<?xml version="1.0" encoding="utf-8"?>
<Project ToolsVersion="4.0" xmlns="http://schemas.microsoft.com/developer/msbuild/2003">
  <ItemGroup>
    <Filter Include="Header File">
      <UniqueIdentifier>{d94b684c-fd54-422d-a0ed-b53dbafb7135}</UniqueIdentifier>
    </Filter>
    <Filter Include="Source File">
      <UniqueIdentifier>{bedc4f94-2b62-4739-a194-6474068b710d}</UniqueIdentifier>
    </Filter>
  </ItemGroup>
  <ItemGroup>
    <ClCompile Include="Tutorial7.cpp">
      <Filter>Source File</Filter>
    </ClCompile>
    <ClCompile Include="Renderer.cpp">
      <Filter>Source File</Filter>
    </ClCompile>
  </ItemGroup>
  <ItemGroup>
    <ClInclude Include="Renderer.h">
      <Filter>Header File</Filter>
    </ClInclude>
  </ItemGroup>
</Project>