<?xml version="1.0" encoding="utf-8"?>
<Project ToolsVersion="4.0" xmlns="http://schemas.microsoft.com/developer/msbuild/2003">
  <ItemGroup>
    <Filter Include="Header File">
      <UniqueIdentifier>{edaeb7e8-55d7-451c-aa25-fcc52c079849}</UniqueIdentifier>
    </Filter>
    <Filter Include="Source File">
      <UniqueIdentifier>{c098d59a-3054-4dd1-a6b3-4b9f00ff9046}</UniqueIdentifier>
    </Filter>
  </ItemGroup>
  <ItemGroup>
    <ClCompile Include="Tutorial11.cpp">
      <Filter>Source File</Filter>
    </ClCompile>
    <ClCompile Include="Renderer.cpp">
      <Filter>Source File</Filter>
    </ClCompile>
  </ItemGroup>
  <ItemGroup>
    <ClInclude Include="Renderer.h">
      <Filter>Header File</Filter>
    </ClInclude>
  </ItemGroup>
  <ItemGroup>
    <None Include="..\Shaders\PerPixelVertex.glsl" />
    <None Include="..\Shaders\PerPixelFragment.glsl" />
  </ItemGroup>
</Project>